
Microsoft Visual Studio Solution File, Format Version 12.00
# Visual Studio Version 16
VisualStudioVersion = 16.0.29102.190
MinimumVisualStudioVersion = 10.0.40219.1
Project("{FAE04EC0-301F-11D3-BF4B-00C04F79EFBC}") = "SyncFusionComboBoxPrism.UWP", "SyncFusionComboBoxPrism\SyncFusionComboBoxPrism.UWP\SyncFusionComboBoxPrism.UWP.csproj", "{231757E5-FCBC-48E9-A813-FA8FEF69CA38}"
EndProject
Project("{FAE04EC0-301F-11D3-BF4B-00C04F79EFBC}") = "SyncFusionComboBoxPrism.Android", "SyncFusionComboBoxPrism\SyncFusionComboBoxPrism.Android\SyncFusionComboBoxPrism.Android.csproj", "{8786AB11-C994-4109-A9CD-4731A575129C}"
EndProject
Project("{FAE04EC0-301F-11D3-BF4B-00C04F79EFBC}") = "SyncFusionComboBoxPrism.iOS", "SyncFusionComboBoxPrism\SyncFusionComboBoxPrism.iOS\SyncFusionComboBoxPrism.iOS.csproj", "{4B1337C0-2F08-420E-BE04-9808A9824171}"
EndProject
Project("{9A19103F-16F7-4668-BE54-9A1E7A4F7556}") = "SyncFusionComboBoxPrism", "SyncFusionComboBoxPrism\SyncFusionComboBoxPrism\SyncFusionComboBoxPrism.csproj", "{8CE38155-9BDE-49AE-9397-CD28ACDB5F40}"
EndProject
Global
	GlobalSection(SolutionConfigurationPlatforms) = preSolution
		Ad-Hoc|Any CPU = Ad-Hoc|Any CPU
		Ad-Hoc|ARM = Ad-Hoc|ARM
		Ad-Hoc|iPhone = Ad-Hoc|iPhone
		Ad-Hoc|iPhoneSimulator = Ad-Hoc|iPhoneSimulator
		Ad-Hoc|x64 = Ad-Hoc|x64
		Ad-Hoc|x86 = Ad-Hoc|x86
		AppStore|Any CPU = AppStore|Any CPU
		AppStore|ARM = AppStore|ARM
		AppStore|iPhone = AppStore|iPhone
		AppStore|iPhoneSimulator = AppStore|iPhoneSimulator
		AppStore|x64 = AppStore|x64
		AppStore|x86 = AppStore|x86
		Debug|Any CPU = Debug|Any CPU
		Debug|ARM = Debug|ARM
		Debug|iPhone = Debug|iPhone
		Debug|iPhoneSimulator = Debug|iPhoneSimulator
		Debug|x64 = Debug|x64
		Debug|x86 = Debug|x86
		Release|Any CPU = Release|Any CPU
		Release|ARM = Release|ARM
		Release|iPhone = Release|iPhone
		Release|iPhoneSimulator = Release|iPhoneSimulator
		Release|x64 = Release|x64
		Release|x86 = Release|x86
	EndGlobalSection
	GlobalSection(ProjectConfigurationPlatforms) = postSolution
		{231757E5-FCBC-48E9-A813-FA8FEF69CA38}.Ad-Hoc|Any CPU.ActiveCfg = Release|x64
		{231757E5-FCBC-48E9-A813-FA8FEF69CA38}.Ad-Hoc|Any CPU.Build.0 = Release|x64
		{231757E5-FCBC-48E9-A813-FA8FEF69CA38}.Ad-Hoc|Any CPU.Deploy.0 = Release|x64
		{231757E5-FCBC-48E9-A813-FA8FEF69CA38}.Ad-Hoc|ARM.ActiveCfg = Release|ARM
		{231757E5-FCBC-48E9-A813-FA8FEF69CA38}.Ad-Hoc|ARM.Build.0 = Release|ARM
		{231757E5-FCBC-48E9-A813-FA8FEF69CA38}.Ad-Hoc|ARM.Deploy.0 = Release|ARM
		{231757E5-FCBC-48E9-A813-FA8FEF69CA38}.Ad-Hoc|iPhone.ActiveCfg = Release|x64
		{231757E5-FCBC-48E9-A813-FA8FEF69CA38}.Ad-Hoc|iPhone.Build.0 = Release|x64
		{231757E5-FCBC-48E9-A813-FA8FEF69CA38}.Ad-Hoc|iPhone.Deploy.0 = Release|x64
		{231757E5-FCBC-48E9-A813-FA8FEF69CA38}.Ad-Hoc|iPhoneSimulator.ActiveCfg = Release|x64
		{231757E5-FCBC-48E9-A813-FA8FEF69CA38}.Ad-Hoc|iPhoneSimulator.Build.0 = Release|x64
		{231757E5-FCBC-48E9-A813-FA8FEF69CA38}.Ad-Hoc|iPhoneSimulator.Deploy.0 = Release|x64
		{231757E5-FCBC-48E9-A813-FA8FEF69CA38}.Ad-Hoc|x64.ActiveCfg = Release|x64
		{231757E5-FCBC-48E9-A813-FA8FEF69CA38}.Ad-Hoc|x64.Build.0 = Release|x64
		{231757E5-FCBC-48E9-A813-FA8FEF69CA38}.Ad-Hoc|x64.Deploy.0 = Release|x64
		{231757E5-FCBC-48E9-A813-FA8FEF69CA38}.Ad-Hoc|x86.ActiveCfg = Release|x86
		{231757E5-FCBC-48E9-A813-FA8FEF69CA38}.Ad-Hoc|x86.Build.0 = Release|x86
		{231757E5-FCBC-48E9-A813-FA8FEF69CA38}.Ad-Hoc|x86.Deploy.0 = Release|x86
		{231757E5-FCBC-48E9-A813-FA8FEF69CA38}.AppStore|Any CPU.ActiveCfg = Release|x64
		{231757E5-FCBC-48E9-A813-FA8FEF69CA38}.AppStore|Any CPU.Build.0 = Release|x64
		{231757E5-FCBC-48E9-A813-FA8FEF69CA38}.AppStore|Any CPU.Deploy.0 = Release|x64
		{231757E5-FCBC-48E9-A813-FA8FEF69CA38}.AppStore|ARM.ActiveCfg = Release|ARM
		{231757E5-FCBC-48E9-A813-FA8FEF69CA38}.AppStore|ARM.Build.0 = Release|ARM
		{231757E5-FCBC-48E9-A813-FA8FEF69CA38}.AppStore|ARM.Deploy.0 = Release|ARM
		{231757E5-FCBC-48E9-A813-FA8FEF69CA38}.AppStore|iPhone.ActiveCfg = Release|x64
		{231757E5-FCBC-48E9-A813-FA8FEF69CA38}.AppStore|iPhone.Build.0 = Release|x64
		{231757E5-FCBC-48E9-A813-FA8FEF69CA38}.AppStore|iPhone.Deploy.0 = Release|x64
		{231757E5-FCBC-48E9-A813-FA8FEF69CA38}.AppStore|iPhoneSimulator.ActiveCfg = Release|x64
		{231757E5-FCBC-48E9-A813-FA8FEF69CA38}.AppStore|iPhoneSimulator.Build.0 = Release|x64
		{231757E5-FCBC-48E9-A813-FA8FEF69CA38}.AppStore|iPhoneSimulator.Deploy.0 = Release|x64
		{231757E5-FCBC-48E9-A813-FA8FEF69CA38}.AppStore|x64.ActiveCfg = Release|x64
		{231757E5-FCBC-48E9-A813-FA8FEF69CA38}.AppStore|x64.Build.0 = Release|x64
		{231757E5-FCBC-48E9-A813-FA8FEF69CA38}.AppStore|x64.Deploy.0 = Release|x64
		{231757E5-FCBC-48E9-A813-FA8FEF69CA38}.AppStore|x86.ActiveCfg = Release|x86
		{231757E5-FCBC-48E9-A813-FA8FEF69CA38}.AppStore|x86.Build.0 = Release|x86
		{231757E5-FCBC-48E9-A813-FA8FEF69CA38}.AppStore|x86.Deploy.0 = Release|x86
		{231757E5-FCBC-48E9-A813-FA8FEF69CA38}.Debug|Any CPU.ActiveCfg = Debug|x86
		{231757E5-FCBC-48E9-A813-FA8FEF69CA38}.Debug|Any CPU.Build.0 = Debug|x86
		{231757E5-FCBC-48E9-A813-FA8FEF69CA38}.Debug|Any CPU.Deploy.0 = Debug|x86
		{231757E5-FCBC-48E9-A813-FA8FEF69CA38}.Debug|ARM.ActiveCfg = Debug|ARM
		{231757E5-FCBC-48E9-A813-FA8FEF69CA38}.Debug|ARM.Build.0 = Debug|ARM
		{231757E5-FCBC-48E9-A813-FA8FEF69CA38}.Debug|ARM.Deploy.0 = Debug|ARM
		{231757E5-FCBC-48E9-A813-FA8FEF69CA38}.Debug|iPhone.ActiveCfg = Debug|x86
		{231757E5-FCBC-48E9-A813-FA8FEF69CA38}.Debug|iPhone.Build.0 = Debug|x86
		{231757E5-FCBC-48E9-A813-FA8FEF69CA38}.Debug|iPhone.Deploy.0 = Debug|x86
		{231757E5-FCBC-48E9-A813-FA8FEF69CA38}.Debug|iPhoneSimulator.ActiveCfg = Debug|x86
		{231757E5-FCBC-48E9-A813-FA8FEF69CA38}.Debug|iPhoneSimulator.Build.0 = Debug|x86
		{231757E5-FCBC-48E9-A813-FA8FEF69CA38}.Debug|iPhoneSimulator.Deploy.0 = Debug|x86
		{231757E5-FCBC-48E9-A813-FA8FEF69CA38}.Debug|x64.ActiveCfg = Debug|x64
		{231757E5-FCBC-48E9-A813-FA8FEF69CA38}.Debug|x64.Build.0 = Debug|x64
		{231757E5-FCBC-48E9-A813-FA8FEF69CA38}.Debug|x64.Deploy.0 = Debug|x64
		{231757E5-FCBC-48E9-A813-FA8FEF69CA38}.Debug|x86.ActiveCfg = Debug|x86
		{231757E5-FCBC-48E9-A813-FA8FEF69CA38}.Debug|x86.Build.0 = Debug|x86
		{231757E5-FCBC-48E9-A813-FA8FEF69CA38}.Debug|x86.Deploy.0 = Debug|x86
		{231757E5-FCBC-48E9-A813-FA8FEF69CA38}.Release|Any CPU.ActiveCfg = Release|x86
		{231757E5-FCBC-48E9-A813-FA8FEF69CA38}.Release|Any CPU.Build.0 = Release|x86
		{231757E5-FCBC-48E9-A813-FA8FEF69CA38}.Release|Any CPU.Deploy.0 = Release|x86
		{231757E5-FCBC-48E9-A813-FA8FEF69CA38}.Release|ARM.ActiveCfg = Release|ARM
		{231757E5-FCBC-48E9-A813-FA8FEF69CA38}.Release|ARM.Build.0 = Release|ARM
		{231757E5-FCBC-48E9-A813-FA8FEF69CA38}.Release|ARM.Deploy.0 = Release|ARM
		{231757E5-FCBC-48E9-A813-FA8FEF69CA38}.Release|iPhone.ActiveCfg = Release|x86
		{231757E5-FCBC-48E9-A813-FA8FEF69CA38}.Release|iPhone.Build.0 = Release|x86
		{231757E5-FCBC-48E9-A813-FA8FEF69CA38}.Release|iPhone.Deploy.0 = Release|x86
		{231757E5-FCBC-48E9-A813-FA8FEF69CA38}.Release|iPhoneSimulator.ActiveCfg = Release|x86
		{231757E5-FCBC-48E9-A813-FA8FEF69CA38}.Release|iPhoneSimulator.Build.0 = Release|x86
		{231757E5-FCBC-48E9-A813-FA8FEF69CA38}.Release|iPhoneSimulator.Deploy.0 = Release|x86
		{231757E5-FCBC-48E9-A813-FA8FEF69CA38}.Release|x64.ActiveCfg = Release|x64
		{231757E5-FCBC-48E9-A813-FA8FEF69CA38}.Release|x64.Build.0 = Release|x64
		{231757E5-FCBC-48E9-A813-FA8FEF69CA38}.Release|x64.Deploy.0 = Release|x64
		{231757E5-FCBC-48E9-A813-FA8FEF69CA38}.Release|x86.ActiveCfg = Release|x86
		{231757E5-FCBC-48E9-A813-FA8FEF69CA38}.Release|x86.Build.0 = Release|x86
		{231757E5-FCBC-48E9-A813-FA8FEF69CA38}.Release|x86.Deploy.0 = Release|x86
		{8786AB11-C994-4109-A9CD-4731A575129C}.Ad-Hoc|Any CPU.ActiveCfg = Release|Any CPU
		{8786AB11-C994-4109-A9CD-4731A575129C}.Ad-Hoc|Any CPU.Build.0 = Release|Any CPU
		{8786AB11-C994-4109-A9CD-4731A575129C}.Ad-Hoc|Any CPU.Deploy.0 = Release|Any CPU
		{8786AB11-C994-4109-A9CD-4731A575129C}.Ad-Hoc|ARM.ActiveCfg = Release|Any CPU
		{8786AB11-C994-4109-A9CD-4731A575129C}.Ad-Hoc|ARM.Build.0 = Release|Any CPU
		{8786AB11-C994-4109-A9CD-4731A575129C}.Ad-Hoc|ARM.Deploy.0 = Release|Any CPU
		{8786AB11-C994-4109-A9CD-4731A575129C}.Ad-Hoc|iPhone.ActiveCfg = Release|Any CPU
		{8786AB11-C994-4109-A9CD-4731A575129C}.Ad-Hoc|iPhone.Build.0 = Release|Any CPU
		{8786AB11-C994-4109-A9CD-4731A575129C}.Ad-Hoc|iPhone.Deploy.0 = Release|Any CPU
		{8786AB11-C994-4109-A9CD-4731A575129C}.Ad-Hoc|iPhoneSimulator.ActiveCfg = Release|Any CPU
		{8786AB11-C994-4109-A9CD-4731A575129C}.Ad-Hoc|iPhoneSimulator.Build.0 = Release|Any CPU
		{8786AB11-C994-4109-A9CD-4731A575129C}.Ad-Hoc|iPhoneSimulator.Deploy.0 = Release|Any CPU
		{8786AB11-C994-4109-A9CD-4731A575129C}.Ad-Hoc|x64.ActiveCfg = Release|Any CPU
		{8786AB11-C994-4109-A9CD-4731A575129C}.Ad-Hoc|x64.Build.0 = Release|Any CPU
		{8786AB11-C994-4109-A9CD-4731A575129C}.Ad-Hoc|x64.Deploy.0 = Release|Any CPU
		{8786AB11-C994-4109-A9CD-4731A575129C}.Ad-Hoc|x86.ActiveCfg = Release|Any CPU
		{8786AB11-C994-4109-A9CD-4731A575129C}.Ad-Hoc|x86.Build.0 = Release|Any CPU
		{8786AB11-C994-4109-A9CD-4731A575129C}.Ad-Hoc|x86.Deploy.0 = Release|Any CPU
		{8786AB11-C994-4109-A9CD-4731A575129C}.AppStore|Any CPU.ActiveCfg = Release|Any CPU
		{8786AB11-C994-4109-A9CD-4731A575129C}.AppStore|Any CPU.Build.0 = Release|Any CPU
		{8786AB11-C994-4109-A9CD-4731A575129C}.AppStore|Any CPU.Deploy.0 = Release|Any CPU
		{8786AB11-C994-4109-A9CD-4731A575129C}.AppStore|ARM.ActiveCfg = Release|Any CPU
		{8786AB11-C994-4109-A9CD-4731A575129C}.AppStore|ARM.Build.0 = Release|Any CPU
		{8786AB11-C994-4109-A9CD-4731A575129C}.AppStore|ARM.Deploy.0 = Release|Any CPU
		{8786AB11-C994-4109-A9CD-4731A575129C}.AppStore|iPhone.ActiveCfg = Release|Any CPU
		{8786AB11-C994-4109-A9CD-4731A575129C}.AppStore|iPhone.Build.0 = Release|Any CPU
		{8786AB11-C994-4109-A9CD-4731A575129C}.AppStore|iPhone.Deploy.0 = Release|Any CPU
		{8786AB11-C994-4109-A9CD-4731A575129C}.AppStore|iPhoneSimulator.ActiveCfg = Release|Any CPU
		{8786AB11-C994-4109-A9CD-4731A575129C}.AppStore|iPhoneSimulator.Build.0 = Release|Any CPU
		{8786AB11-C994-4109-A9CD-4731A575129C}.AppStore|iPhoneSimulator.Deploy.0 = Release|Any CPU
		{8786AB11-C994-4109-A9CD-4731A575129C}.AppStore|x64.ActiveCfg = Release|Any CPU
		{8786AB11-C994-4109-A9CD-4731A575129C}.AppStore|x64.Build.0 = Release|Any CPU
		{8786AB11-C994-4109-A9CD-4731A575129C}.AppStore|x64.Deploy.0 = Release|Any CPU
		{8786AB11-C994-4109-A9CD-4731A575129C}.AppStore|x86.ActiveCfg = Release|Any CPU
		{8786AB11-C994-4109-A9CD-4731A575129C}.AppStore|x86.Build.0 = Release|Any CPU
		{8786AB11-C994-4109-A9CD-4731A575129C}.AppStore|x86.Deploy.0 = Release|Any CPU
		{8786AB11-C994-4109-A9CD-4731A575129C}.Debug|Any CPU.ActiveCfg = Debug|Any CPU
		{8786AB11-C994-4109-A9CD-4731A575129C}.Debug|Any CPU.Build.0 = Debug|Any CPU
		{8786AB11-C994-4109-A9CD-4731A575129C}.Debug|Any CPU.Deploy.0 = Debug|Any CPU
		{8786AB11-C994-4109-A9CD-4731A575129C}.Debug|ARM.ActiveCfg = Debug|Any CPU
		{8786AB11-C994-4109-A9CD-4731A575129C}.Debug|ARM.Build.0 = Debug|Any CPU
		{8786AB11-C994-4109-A9CD-4731A575129C}.Debug|ARM.Deploy.0 = Debug|Any CPU
		{8786AB11-C994-4109-A9CD-4731A575129C}.Debug|iPhone.ActiveCfg = Debug|Any CPU
		{8786AB11-C994-4109-A9CD-4731A575129C}.Debug|iPhone.Build.0 = Debug|Any CPU
		{8786AB11-C994-4109-A9CD-4731A575129C}.Debug|iPhone.Deploy.0 = Debug|Any CPU
		{8786AB11-C994-4109-A9CD-4731A575129C}.Debug|iPhoneSimulator.ActiveCfg = Debug|Any CPU
		{8786AB11-C994-4109-A9CD-4731A575129C}.Debug|iPhoneSimulator.Build.0 = Debug|Any CPU
		{8786AB11-C994-4109-A9CD-4731A575129C}.Debug|iPhoneSimulator.Deploy.0 = Debug|Any CPU
		{8786AB11-C994-4109-A9CD-4731A575129C}.Debug|x64.ActiveCfg = Debug|Any CPU
		{8786AB11-C994-4109-A9CD-4731A575129C}.Debug|x64.Build.0 = Debug|Any CPU
		{8786AB11-C994-4109-A9CD-4731A575129C}.Debug|x64.Deploy.0 = Debug|Any CPU
		{8786AB11-C994-4109-A9CD-4731A575129C}.Debug|x86.ActiveCfg = Debug|Any CPU
		{8786AB11-C994-4109-A9CD-4731A575129C}.Debug|x86.Build.0 = Debug|Any CPU
		{8786AB11-C994-4109-A9CD-4731A575129C}.Debug|x86.Deploy.0 = Debug|Any CPU
		{8786AB11-C994-4109-A9CD-4731A575129C}.Release|Any CPU.ActiveCfg = Release|Any CPU
		{8786AB11-C994-4109-A9CD-4731A575129C}.Release|Any CPU.Build.0 = Release|Any CPU
		{8786AB11-C994-4109-A9CD-4731A575129C}.Release|Any CPU.Deploy.0 = Release|Any CPU
		{8786AB11-C994-4109-A9CD-4731A575129C}.Release|ARM.ActiveCfg = Release|Any CPU
		{8786AB11-C994-4109-A9CD-4731A575129C}.Release|ARM.Build.0 = Release|Any CPU
		{8786AB11-C994-4109-A9CD-4731A575129C}.Release|ARM.Deploy.0 = Release|Any CPU
		{8786AB11-C994-4109-A9CD-4731A575129C}.Release|iPhone.ActiveCfg = Release|Any CPU
		{8786AB11-C994-4109-A9CD-4731A575129C}.Release|iPhone.Build.0 = Release|Any CPU
		{8786AB11-C994-4109-A9CD-4731A575129C}.Release|iPhone.Deploy.0 = Release|Any CPU
		{8786AB11-C994-4109-A9CD-4731A575129C}.Release|iPhoneSimulator.ActiveCfg = Release|Any CPU
		{8786AB11-C994-4109-A9CD-4731A575129C}.Release|iPhoneSimulator.Build.0 = Release|Any CPU
		{8786AB11-C994-4109-A9CD-4731A575129C}.Release|iPhoneSimulator.Deploy.0 = Release|Any CPU
		{8786AB11-C994-4109-A9CD-4731A575129C}.Release|x64.ActiveCfg = Release|Any CPU
		{8786AB11-C994-4109-A9CD-4731A575129C}.Release|x64.Build.0 = Release|Any CPU
		{8786AB11-C994-4109-A9CD-4731A575129C}.Release|x64.Deploy.0 = Release|Any CPU
		{8786AB11-C994-4109-A9CD-4731A575129C}.Release|x86.ActiveCfg = Release|Any CPU
		{8786AB11-C994-4109-A9CD-4731A575129C}.Release|x86.Build.0 = Release|Any CPU
		{8786AB11-C994-4109-A9CD-4731A575129C}.Release|x86.Deploy.0 = Release|Any CPU
		{4B1337C0-2F08-420E-BE04-9808A9824171}.Ad-Hoc|Any CPU.ActiveCfg = Release|iPhoneSimulator
		{4B1337C0-2F08-420E-BE04-9808A9824171}.Ad-Hoc|Any CPU.Build.0 = Release|iPhoneSimulator
		{4B1337C0-2F08-420E-BE04-9808A9824171}.Ad-Hoc|ARM.ActiveCfg = Release|iPhoneSimulator
		{4B1337C0-2F08-420E-BE04-9808A9824171}.Ad-Hoc|ARM.Build.0 = Release|iPhoneSimulator
		{4B1337C0-2F08-420E-BE04-9808A9824171}.Ad-Hoc|iPhone.ActiveCfg = Release|iPhone
		{4B1337C0-2F08-420E-BE04-9808A9824171}.Ad-Hoc|iPhone.Build.0 = Release|iPhone
		{4B1337C0-2F08-420E-BE04-9808A9824171}.Ad-Hoc|iPhoneSimulator.ActiveCfg = Release|iPhoneSimulator
		{4B1337C0-2F08-420E-BE04-9808A9824171}.Ad-Hoc|iPhoneSimulator.Build.0 = Release|iPhoneSimulator
		{4B1337C0-2F08-420E-BE04-9808A9824171}.Ad-Hoc|x64.ActiveCfg = Release|iPhoneSimulator
		{4B1337C0-2F08-420E-BE04-9808A9824171}.Ad-Hoc|x64.Build.0 = Release|iPhoneSimulator
		{4B1337C0-2F08-420E-BE04-9808A9824171}.Ad-Hoc|x86.ActiveCfg = Release|iPhoneSimulator
		{4B1337C0-2F08-420E-BE04-9808A9824171}.Ad-Hoc|x86.Build.0 = Release|iPhoneSimulator
		{4B1337C0-2F08-420E-BE04-9808A9824171}.AppStore|Any CPU.ActiveCfg = Release|iPhoneSimulator
		{4B1337C0-2F08-420E-BE04-9808A9824171}.AppStore|Any CPU.Build.0 = Release|iPhoneSimulator
		{4B1337C0-2F08-420E-BE04-9808A9824171}.AppStore|ARM.ActiveCfg = Release|iPhoneSimulator
		{4B1337C0-2F08-420E-BE04-9808A9824171}.AppStore|ARM.Build.0 = Release|iPhoneSimulator
		{4B1337C0-2F08-420E-BE04-9808A9824171}.AppStore|iPhone.ActiveCfg = Release|iPhone
		{4B1337C0-2F08-420E-BE04-9808A9824171}.AppStore|iPhone.Build.0 = Release|iPhone
		{4B1337C0-2F08-420E-BE04-9808A9824171}.AppStore|iPhoneSimulator.ActiveCfg = Release|iPhoneSimulator
		{4B1337C0-2F08-420E-BE04-9808A9824171}.AppStore|iPhoneSimulator.Build.0 = Release|iPhoneSimulator
		{4B1337C0-2F08-420E-BE04-9808A9824171}.AppStore|x64.ActiveCfg = Release|iPhoneSimulator
		{4B1337C0-2F08-420E-BE04-9808A9824171}.AppStore|x64.Build.0 = Release|iPhoneSimulator
		{4B1337C0-2F08-420E-BE04-9808A9824171}.AppStore|x86.ActiveCfg = Release|iPhoneSimulator
		{4B1337C0-2F08-420E-BE04-9808A9824171}.AppStore|x86.Build.0 = Release|iPhoneSimulator
		{4B1337C0-2F08-420E-BE04-9808A9824171}.Debug|Any CPU.ActiveCfg = Debug|iPhone
		{4B1337C0-2F08-420E-BE04-9808A9824171}.Debug|Any CPU.Build.0 = Debug|iPhone
		{4B1337C0-2F08-420E-BE04-9808A9824171}.Debug|Any CPU.Deploy.0 = Debug|iPhone
		{4B1337C0-2F08-420E-BE04-9808A9824171}.Debug|ARM.ActiveCfg = Debug|iPhoneSimulator
		{4B1337C0-2F08-420E-BE04-9808A9824171}.Debug|ARM.Build.0 = Debug|iPhoneSimulator
		{4B1337C0-2F08-420E-BE04-9808A9824171}.Debug|ARM.Deploy.0 = Debug|iPhoneSimulator
		{4B1337C0-2F08-420E-BE04-9808A9824171}.Debug|iPhone.ActiveCfg = Debug|iPhone
		{4B1337C0-2F08-420E-BE04-9808A9824171}.Debug|iPhone.Build.0 = Debug|iPhone
		{4B1337C0-2F08-420E-BE04-9808A9824171}.Debug|iPhone.Deploy.0 = Debug|iPhone
		{4B1337C0-2F08-420E-BE04-9808A9824171}.Debug|iPhoneSimulator.ActiveCfg = Debug|iPhoneSimulator
		{4B1337C0-2F08-420E-BE04-9808A9824171}.Debug|iPhoneSimulator.Build.0 = Debug|iPhoneSimulator
		{4B1337C0-2F08-420E-BE04-9808A9824171}.Debug|iPhoneSimulator.Deploy.0 = Debug|iPhoneSimulator
		{4B1337C0-2F08-420E-BE04-9808A9824171}.Debug|x64.ActiveCfg = Debug|iPhone
		{4B1337C0-2F08-420E-BE04-9808A9824171}.Debug|x64.Build.0 = Debug|iPhone
		{4B1337C0-2F08-420E-BE04-9808A9824171}.Debug|x64.Deploy.0 = Debug|iPhone
		{4B1337C0-2F08-420E-BE04-9808A9824171}.Debug|x86.ActiveCfg = Debug|iPhone
		{4B1337C0-2F08-420E-BE04-9808A9824171}.Debug|x86.Build.0 = Debug|iPhone
		{4B1337C0-2F08-420E-BE04-9808A9824171}.Debug|x86.Deploy.0 = Debug|iPhone
		{4B1337C0-2F08-420E-BE04-9808A9824171}.Release|Any CPU.ActiveCfg = Release|iPhone
		{4B1337C0-2F08-420E-BE04-9808A9824171}.Release|Any CPU.Build.0 = Release|iPhone
		{4B1337C0-2F08-420E-BE04-9808A9824171}.Release|Any CPU.Deploy.0 = Release|iPhone
		{4B1337C0-2F08-420E-BE04-9808A9824171}.Release|ARM.ActiveCfg = Release|iPhone
		{4B1337C0-2F08-420E-BE04-9808A9824171}.Release|ARM.Build.0 = Release|iPhone
		{4B1337C0-2F08-420E-BE04-9808A9824171}.Release|ARM.Deploy.0 = Release|iPhone
		{4B1337C0-2F08-420E-BE04-9808A9824171}.Release|iPhone.ActiveCfg = Release|iPhone
		{4B1337C0-2F08-420E-BE04-9808A9824171}.Release|iPhone.Build.0 = Release|iPhone
		{4B1337C0-2F08-420E-BE04-9808A9824171}.Release|iPhone.Deploy.0 = Release|iPhone
		{4B1337C0-2F08-420E-BE04-9808A9824171}.Release|iPhoneSimulator.ActiveCfg = Release|iPhoneSimulator
		{4B1337C0-2F08-420E-BE04-9808A9824171}.Release|iPhoneSimulator.Build.0 = Release|iPhoneSimulator
		{4B1337C0-2F08-420E-BE04-9808A9824171}.Release|iPhoneSimulator.Deploy.0 = Release|iPhoneSimulator
		{4B1337C0-2F08-420E-BE04-9808A9824171}.Release|x64.ActiveCfg = Release|iPhone
		{4B1337C0-2F08-420E-BE04-9808A9824171}.Release|x64.Build.0 = Release|iPhone
		{4B1337C0-2F08-420E-BE04-9808A9824171}.Release|x64.Deploy.0 = Release|iPhone
		{4B1337C0-2F08-420E-BE04-9808A9824171}.Release|x86.ActiveCfg = Release|iPhone
		{4B1337C0-2F08-420E-BE04-9808A9824171}.Release|x86.Build.0 = Release|iPhone
		{4B1337C0-2F08-420E-BE04-9808A9824171}.Release|x86.Deploy.0 = Release|iPhone
		{8CE38155-9BDE-49AE-9397-CD28ACDB5F40}.Ad-Hoc|Any CPU.ActiveCfg = Release|Any CPU
		{8CE38155-9BDE-49AE-9397-CD28ACDB5F40}.Ad-Hoc|Any CPU.Build.0 = Release|Any CPU
		{8CE38155-9BDE-49AE-9397-CD28ACDB5F40}.Ad-Hoc|ARM.ActiveCfg = Release|Any CPU
		{8CE38155-9BDE-49AE-9397-CD28ACDB5F40}.Ad-Hoc|ARM.Build.0 = Release|Any CPU
		{8CE38155-9BDE-49AE-9397-CD28ACDB5F40}.Ad-Hoc|iPhone.ActiveCfg = Release|Any CPU
		{8CE38155-9BDE-49AE-9397-CD28ACDB5F40}.Ad-Hoc|iPhone.Build.0 = Release|Any CPU
		{8CE38155-9BDE-49AE-9397-CD28ACDB5F40}.Ad-Hoc|iPhoneSimulator.ActiveCfg = Release|Any CPU
		{8CE38155-9BDE-49AE-9397-CD28ACDB5F40}.Ad-Hoc|iPhoneSimulator.Build.0 = Release|Any CPU
		{8CE38155-9BDE-49AE-9397-CD28ACDB5F40}.Ad-Hoc|x64.ActiveCfg = Release|Any CPU
		{8CE38155-9BDE-49AE-9397-CD28ACDB5F40}.Ad-Hoc|x64.Build.0 = Release|Any CPU
		{8CE38155-9BDE-49AE-9397-CD28ACDB5F40}.Ad-Hoc|x86.ActiveCfg = Release|Any CPU
		{8CE38155-9BDE-49AE-9397-CD28ACDB5F40}.Ad-Hoc|x86.Build.0 = Release|Any CPU
		{8CE38155-9BDE-49AE-9397-CD28ACDB5F40}.AppStore|Any CPU.ActiveCfg = Release|Any CPU
		{8CE38155-9BDE-49AE-9397-CD28ACDB5F40}.AppStore|Any CPU.Build.0 = Release|Any CPU
		{8CE38155-9BDE-49AE-9397-CD28ACDB5F40}.AppStore|ARM.ActiveCfg = Release|Any CPU
		{8CE38155-9BDE-49AE-9397-CD28ACDB5F40}.AppStore|ARM.Build.0 = Release|Any CPU
		{8CE38155-9BDE-49AE-9397-CD28ACDB5F40}.AppStore|iPhone.ActiveCfg = Release|Any CPU
		{8CE38155-9BDE-49AE-9397-CD28ACDB5F40}.AppStore|iPhone.Build.0 = Release|Any CPU
		{8CE38155-9BDE-49AE-9397-CD28ACDB5F40}.AppStore|iPhoneSimulator.ActiveCfg = Release|Any CPU
		{8CE38155-9BDE-49AE-9397-CD28ACDB5F40}.AppStore|iPhoneSimulator.Build.0 = Release|Any CPU
		{8CE38155-9BDE-49AE-9397-CD28ACDB5F40}.AppStore|x64.ActiveCfg = Release|Any CPU
		{8CE38155-9BDE-49AE-9397-CD28ACDB5F40}.AppStore|x64.Build.0 = Release|Any CPU
		{8CE38155-9BDE-49AE-9397-CD28ACDB5F40}.AppStore|x86.ActiveCfg = Release|Any CPU
		{8CE38155-9BDE-49AE-9397-CD28ACDB5F40}.AppStore|x86.Build.0 = Release|Any CPU
		{8CE38155-9BDE-49AE-9397-CD28ACDB5F40}.Debug|Any CPU.ActiveCfg = Debug|Any CPU
		{8CE38155-9BDE-49AE-9397-CD28ACDB5F40}.Debug|Any CPU.Build.0 = Debug|Any CPU
		{8CE38155-9BDE-49AE-9397-CD28ACDB5F40}.Debug|Any CPU.Deploy.0 = Debug|Any CPU
		{8CE38155-9BDE-49AE-9397-CD28ACDB5F40}.Debug|ARM.ActiveCfg = Debug|Any CPU
		{8CE38155-9BDE-49AE-9397-CD28ACDB5F40}.Debug|ARM.Build.0 = Debug|Any CPU
		{8CE38155-9BDE-49AE-9397-CD28ACDB5F40}.Debug|ARM.Deploy.0 = Debug|Any CPU
		{8CE38155-9BDE-49AE-9397-CD28ACDB5F40}.Debug|iPhone.ActiveCfg = Debug|Any CPU
		{8CE38155-9BDE-49AE-9397-CD28ACDB5F40}.Debug|iPhone.Build.0 = Debug|Any CPU
		{8CE38155-9BDE-49AE-9397-CD28ACDB5F40}.Debug|iPhone.Deploy.0 = Debug|Any CPU
		{8CE38155-9BDE-49AE-9397-CD28ACDB5F40}.Debug|iPhoneSimulator.ActiveCfg = Debug|Any CPU
		{8CE38155-9BDE-49AE-9397-CD28ACDB5F40}.Debug|iPhoneSimulator.Build.0 = Debug|Any CPU
		{8CE38155-9BDE-49AE-9397-CD28ACDB5F40}.Debug|iPhoneSimulator.Deploy.0 = Debug|Any CPU
		{8CE38155-9BDE-49AE-9397-CD28ACDB5F40}.Debug|x64.ActiveCfg = Debug|Any CPU
		{8CE38155-9BDE-49AE-9397-CD28ACDB5F40}.Debug|x64.Build.0 = Debug|Any CPU
		{8CE38155-9BDE-49AE-9397-CD28ACDB5F40}.Debug|x64.Deploy.0 = Debug|Any CPU
		{8CE38155-9BDE-49AE-9397-CD28ACDB5F40}.Debug|x86.ActiveCfg = Debug|Any CPU
		{8CE38155-9BDE-49AE-9397-CD28ACDB5F40}.Debug|x86.Build.0 = Debug|Any CPU
		{8CE38155-9BDE-49AE-9397-CD28ACDB5F40}.Debug|x86.Deploy.0 = Debug|Any CPU
		{8CE38155-9BDE-49AE-9397-CD28ACDB5F40}.Release|Any CPU.ActiveCfg = Release|Any CPU
		{8CE38155-9BDE-49AE-9397-CD28ACDB5F40}.Release|Any CPU.Build.0 = Release|Any CPU
		{8CE38155-9BDE-49AE-9397-CD28ACDB5F40}.Release|Any CPU.Deploy.0 = Release|Any CPU
		{8CE38155-9BDE-49AE-9397-CD28ACDB5F40}.Release|ARM.ActiveCfg = Release|Any CPU
		{8CE38155-9BDE-49AE-9397-CD28ACDB5F40}.Release|ARM.Build.0 = Release|Any CPU
		{8CE38155-9BDE-49AE-9397-CD28ACDB5F40}.Release|ARM.Deploy.0 = Release|Any CPU
		{8CE38155-9BDE-49AE-9397-CD28ACDB5F40}.Release|iPhone.ActiveCfg = Release|Any CPU
		{8CE38155-9BDE-49AE-9397-CD28ACDB5F40}.Release|iPhone.Build.0 = Release|Any CPU
		{8CE38155-9BDE-49AE-9397-CD28ACDB5F40}.Release|iPhone.Deploy.0 = Release|Any CPU
		{8CE38155-9BDE-49AE-9397-CD28ACDB5F40}.Release|iPhoneSimulator.ActiveCfg = Release|Any CPU
		{8CE38155-9BDE-49AE-9397-CD28ACDB5F40}.Release|iPhoneSimulator.Build.0 = Release|Any CPU
		{8CE38155-9BDE-49AE-9397-CD28ACDB5F40}.Release|iPhoneSimulator.Deploy.0 = Release|Any CPU
		{8CE38155-9BDE-49AE-9397-CD28ACDB5F40}.Release|x64.ActiveCfg = Release|Any CPU
		{8CE38155-9BDE-49AE-9397-CD28ACDB5F40}.Release|x64.Build.0 = Release|Any CPU
		{8CE38155-9BDE-49AE-9397-CD28ACDB5F40}.Release|x64.Deploy.0 = Release|Any CPU
		{8CE38155-9BDE-49AE-9397-CD28ACDB5F40}.Release|x86.ActiveCfg = Release|Any CPU
		{8CE38155-9BDE-49AE-9397-CD28ACDB5F40}.Release|x86.Build.0 = Release|Any CPU
		{8CE38155-9BDE-49AE-9397-CD28ACDB5F40}.Release|x86.Deploy.0 = Release|Any CPU
	EndGlobalSection
	GlobalSection(SolutionProperties) = preSolution
		HideSolutionNode = FALSE
	EndGlobalSection
	GlobalSection(ExtensibilityGlobals) = postSolution
		SolutionGuid = {1A3D651E-230A-44EB-896C-3964CA9C3997}
	EndGlobalSection
EndGlobal
